{
  "name": "offline",
  "version": "1.0.0",
  "lockfileVersion": 1,
  "requires": true,
  "dependencies": {
    "commander": {
      "version": "2.11.0",
      "resolved": "https://registry.npmjs.org/commander/-/commander-2.11.0.tgz",
      "integrity": "sha512-b0553uYA5YAEGgyYIGYROzKQ7X5RAqedkfjiZxwi0kL1g3bOaBNNZfYkzt/CL0umgD5wc9Jec2FbB98CjkMRvQ==",
      "dev": true
    },
    "source-map": {
      "version": "0.5.7",
      "resolved": "https://registry.npmjs.org/source-map/-/source-map-0.5.7.tgz",
      "integrity": "sha1-igOdLRAh0i0eoUyA2OpGi6LvP8w=",
      "dev": true
    },
    "uglyjs": {
      "version": "3.1.1",
      "resolved": "https://registry.npmjs.org/uglyjs/-/uglyjs-3.1.1.tgz",
      "integrity": "sha512-lvWIV8D02Q+yvhI6JQL1CZX1CqGQ0pR82IR98GrLaGzG2dIaWwGf3BaRWGT02+UdAH7Y+kXUGBMoF8DjZuFBVw==",
      "dev": true,
      "requires": {
        "commander": "~2.11.0",
        "source-map": "~0.5.1"
      }
    }
  }
}
